{
  "name": "tsp-node",
  "version": "1.0.0",
  "lockfileVersion": 3,
  "requires": true,
  "packages": {
    "": {
      "name": "tsp-node",
      "version": "1.0.0",
      "license": "ISC",
      "dependencies": {
        "tsp-javascript": "file:../tsp-javascript/pkg"
      }
    },
    "../tsp-javascript/pkg": {
      "version": "0.1.0",
      "license": "Apache-2.0 OR MIT"
    },
    "node_modules/tsp-javascript": {
      "resolved": "../tsp-javascript/pkg",
      "link": true
    }
  }
}
